
Microsoft Visual Studio Solution File, Format Version 12.00
# Visual Studio Version 16
VisualStudioVersion = 16.0.30114.105
MinimumVisualStudioVersion = 10.0.40219.1
Project("{FAE04EC0-301F-11D3-BF4B-00C04F79EFBC}") = "API", "API\API.csproj", "{E7584CB1-A6E8-4099-BD58-564C6BFC1AC7}"
EndProject
Project("{FAE04EC0-301F-11D3-BF4B-00C04F79EFBC}") = "Application", "Application\Application.csproj", "{E83E1D46-4140-4E98-9409-20699DEBCF76}"
EndProject
Project("{FAE04EC0-301F-11D3-BF4B-00C04F79EFBC}") = "Persistance", "Persistance\Persistance.csproj", "{44E968E0-3E80-4A60-AC7E-4FBD4E6E2800}"
EndProject
Project("{FAE04EC0-301F-11D3-BF4B-00C04F79EFBC}") = "Domain", "Domain\Domain.csproj", "{CEDEBEC7-A360-4351-AE71-0439053B0FE4}"
EndProject
Global
	GlobalSection(SolutionConfigurationPlatforms) = preSolution
		Debug|Any CPU = Debug|Any CPU
		Debug|x64 = Debug|x64
		Debug|x86 = Debug|x86
		Release|Any CPU = Release|Any CPU
		Release|x64 = Release|x64
		Release|x86 = Release|x86
	EndGlobalSection
	GlobalSection(SolutionProperties) = preSolution
		HideSolutionNode = FALSE
	EndGlobalSection
	GlobalSection(ProjectConfigurationPlatforms) = postSolution
		{E7584CB1-A6E8-4099-BD58-564C6BFC1AC7}.Debug|Any CPU.ActiveCfg = Debug|Any CPU
		{E7584CB1-A6E8-4099-BD58-564C6BFC1AC7}.Debug|Any CPU.Build.0 = Debug|Any CPU
		{E7584CB1-A6E8-4099-BD58-564C6BFC1AC7}.Debug|x64.ActiveCfg = Debug|Any CPU
		{E7584CB1-A6E8-4099-BD58-564C6BFC1AC7}.Debug|x64.Build.0 = Debug|Any CPU
		{E7584CB1-A6E8-4099-BD58-564C6BFC1AC7}.Debug|x86.ActiveCfg = Debug|Any CPU
		{E7584CB1-A6E8-4099-BD58-564C6BFC1AC7}.Debug|x86.Build.0 = Debug|Any CPU
		{E7584CB1-A6E8-4099-BD58-564C6BFC1AC7}.Release|Any CPU.ActiveCfg = Release|Any CPU
		{E7584CB1-A6E8-4099-BD58-564C6BFC1AC7}.Release|Any CPU.Build.0 = Release|Any CPU
		{E7584CB1-A6E8-4099-BD58-564C6BFC1AC7}.Release|x64.ActiveCfg = Release|Any CPU
		{E7584CB1-A6E8-4099-BD58-564C6BFC1AC7}.Release|x64.Build.0 = Release|Any CPU
		{E7584CB1-A6E8-4099-BD58-564C6BFC1AC7}.Release|x86.ActiveCfg = Release|Any CPU
		{E7584CB1-A6E8-4099-BD58-564C6BFC1AC7}.Release|x86.Build.0 = Release|Any CPU
		{E83E1D46-4140-4E98-9409-20699DEBCF76}.Debug|Any CPU.ActiveCfg = Debug|Any CPU
		{E83E1D46-4140-4E98-9409-20699DEBCF76}.Debug|Any CPU.Build.0 = Debug|Any CPU
		{E83E1D46-4140-4E98-9409-20699DEBCF76}.Debug|x64.ActiveCfg = Debug|Any CPU
		{E83E1D46-4140-4E98-9409-20699DEBCF76}.Debug|x64.Build.0 = Debug|Any CPU
		{E83E1D46-4140-4E98-9409-20699DEBCF76}.Debug|x86.ActiveCfg = Debug|Any CPU
		{E83E1D46-4140-4E98-9409-20699DEBCF76}.Debug|x86.Build.0 = Debug|Any CPU
		{E83E1D46-4140-4E98-9409-20699DEBCF76}.Release|Any CPU.ActiveCfg = Release|Any CPU
		{E83E1D46-4140-4E98-9409-20699DEBCF76}.Release|Any CPU.Build.0 = Release|Any CPU
		{E83E1D46-4140-4E98-9409-20699DEBCF76}.Release|x64.ActiveCfg = Release|Any CPU
		{E83E1D46-4140-4E98-9409-20699DEBCF76}.Release|x64.Build.0 = Release|Any CPU
		{E83E1D46-4140-4E98-9409-20699DEBCF76}.Release|x86.ActiveCfg = Release|Any CPU
		{E83E1D46-4140-4E98-9409-20699DEBCF76}.Release|x86.Build.0 = Release|Any CPU
		{44E968E0-3E80-4A60-AC7E-4FBD4E6E2800}.Debug|Any CPU.ActiveCfg = Debug|Any CPU
		{44E968E0-3E80-4A60-AC7E-4FBD4E6E2800}.Debug|Any CPU.Build.0 = Debug|Any CPU
		{44E968E0-3E80-4A60-AC7E-4FBD4E6E2800}.Debug|x64.ActiveCfg = Debug|Any CPU
		{44E968E0-3E80-4A60-AC7E-4FBD4E6E2800}.Debug|x64.Build.0 = Debug|Any CPU
		{44E968E0-3E80-4A60-AC7E-4FBD4E6E2800}.Debug|x86.ActiveCfg = Debug|Any CPU
		{44E968E0-3E80-4A60-AC7E-4FBD4E6E2800}.Debug|x86.Build.0 = Debug|Any CPU
		{44E968E0-3E80-4A60-AC7E-4FBD4E6E2800}.Release|Any CPU.ActiveCfg = Release|Any CPU
		{44E968E0-3E80-4A60-AC7E-4FBD4E6E2800}.Release|Any CPU.Build.0 = Release|Any CPU
		{44E968E0-3E80-4A60-AC7E-4FBD4E6E2800}.Release|x64.ActiveCfg = Release|Any CPU
		{44E968E0-3E80-4A60-AC7E-4FBD4E6E2800}.Release|x64.Build.0 = Release|Any CPU
		{44E968E0-3E80-4A60-AC7E-4FBD4E6E2800}.Release|x86.ActiveCfg = Release|Any CPU
		{44E968E0-3E80-4A60-AC7E-4FBD4E6E2800}.Release|x86.Build.0 = Release|Any CPU
		{CEDEBEC7-A360-4351-AE71-0439053B0FE4}.Debug|Any CPU.ActiveCfg = Debug|Any CPU
		{CEDEBEC7-A360-4351-AE71-0439053B0FE4}.Debug|Any CPU.Build.0 = Debug|Any CPU
		{CEDEBEC7-A360-4351-AE71-0439053B0FE4}.Debug|x64.ActiveCfg = Debug|Any CPU
		{CEDEBEC7-A360-4351-AE71-0439053B0FE4}.Debug|x64.Build.0 = Debug|Any CPU
		{CEDEBEC7-A360-4351-AE71-0439053B0FE4}.Debug|x86.ActiveCfg = Debug|Any CPU
		{CEDEBEC7-A360-4351-AE71-0439053B0FE4}.Debug|x86.Build.0 = Debug|Any CPU
		{CEDEBEC7-A360-4351-AE71-0439053B0FE4}.Release|Any CPU.ActiveCfg = Release|Any CPU
		{CEDEBEC7-A360-4351-AE71-0439053B0FE4}.Release|Any CPU.Build.0 = Release|Any CPU
		{CEDEBEC7-A360-4351-AE71-0439053B0FE4}.Release|x64.ActiveCfg = Release|Any CPU
		{CEDEBEC7-A360-4351-AE71-0439053B0FE4}.Release|x64.Build.0 = Release|Any CPU
		{CEDEBEC7-A360-4351-AE71-0439053B0FE4}.Release|x86.ActiveCfg = Release|Any CPU
		{CEDEBEC7-A360-4351-AE71-0439053B0FE4}.Release|x86.Build.0 = Release|Any CPU
	EndGlobalSection
EndGlobal
